// !$*UTF8*$!
{
	archiveVersion = 1;
	classes = {
	};
	objectVersion = 50;
	objects = {

/* Begin PBXBuildFile section */
		2B5F929F218FF00D00063737 /* blake2b.c in Sources */ = {isa = PBXBuildFile; fileRef = 2B5F929E218FF00D00063737 /* blake2b.c */; };
		C60129C2218BF5B9009DA8C5 /* bignum.c in Sources */ = {isa = PBXBuildFile; fileRef = C60129BF218BF5B9009DA8C5 /* bignum.c */; };
		C60129C3218BF5B9009DA8C5 /* bigrand.c in Sources */ = {isa = PBXBuildFile; fileRef = C60129C0218BF5B9009DA8C5 /* bigrand.c */; };
		C60129C9218BF5E4009DA8C5 /* ecc_set.c in Sources */ = {isa = PBXBuildFile; fileRef = C60129C5218BF5E4009DA8C5 /* ecc_set.c */; };
		C60129CA218BF5E4009DA8C5 /* hash_set.c in Sources */ = {isa = PBXBuildFile; fileRef = C60129C7218BF5E4009DA8C5 /* hash_set.c */; };
		C60129D8218BF60C009DA8C5 /* secp256r1.c in Sources */ = {isa = PBXBuildFile; fileRef = C60129CC218BF60B009DA8C5 /* secp256r1.c */; };
		C60129D9218BF60C009DA8C5 /* ED25519.c in Sources */ = {isa = PBXBuildFile; fileRef = C60129CD218BF60B009DA8C5 /* ED25519.c */; };
		C60129DA218BF60C009DA8C5 /* ECDSA.c in Sources */ = {isa = PBXBuildFile; fileRef = C60129CE218BF60B009DA8C5 /* ECDSA.c */; };
		C60129DB218BF60C009DA8C5 /* secp256k1.c in Sources */ = {isa = PBXBuildFile; fileRef = C60129D1218BF60B009DA8C5 /* secp256k1.c */; };
		C60129DC218BF60C009DA8C5 /* sm2.c in Sources */ = {isa = PBXBuildFile; fileRef = C60129D2218BF60B009DA8C5 /* sm2.c */; };
		C60129DD218BF60C009DA8C5 /* ecc_drv.c in Sources */ = {isa = PBXBuildFile; fileRef = C60129D6218BF60C009DA8C5 /* ecc_drv.c */; };
		C6012A02218BF647009DA8C5 /* sha1.c in Sources */ = {isa = PBXBuildFile; fileRef = C60129E1218BF646009DA8C5 /* sha1.c */; };
		C6012A03218BF647009DA8C5 /* hmac.c in Sources */ = {isa = PBXBuildFile; fileRef = C60129E2218BF646009DA8C5 /* hmac.c */; };
		C6012A04218BF647009DA8C5 /* sha3_512.c in Sources */ = {isa = PBXBuildFile; fileRef = C60129E3218BF646009DA8C5 /* sha3_512.c */; };
		C6012A05218BF647009DA8C5 /* sha256.c in Sources */ = {isa = PBXBuildFile; fileRef = C60129E4218BF646009DA8C5 /* sha256.c */; };
		C6012A06218BF647009DA8C5 /* blake256.c in Sources */ = {isa = PBXBuildFile; fileRef = C60129E6218BF646009DA8C5 /* blake256.c */; };
		C6012A07218BF647009DA8C5 /* sha512.c in Sources */ = {isa = PBXBuildFile; fileRef = C60129EB218BF646009DA8C5 /* sha512.c */; };
		C6012A08218BF647009DA8C5 /* sha3_256.c in Sources */ = {isa = PBXBuildFile; fileRef = C60129ED218BF646009DA8C5 /* sha3_256.c */; };
		C6012A09218BF647009DA8C5 /* blake512.c in Sources */ = {isa = PBXBuildFile; fileRef = C60129F0218BF646009DA8C5 /* blake512.c */; };
		C6012A0A218BF647009DA8C5 /* blake2s.c in Sources */ = {isa = PBXBuildFile; fileRef = C60129F4218BF646009DA8C5 /* blake2s.c */; };
		C6012A0B218BF647009DA8C5 /* keccak256.c in Sources */ = {isa = PBXBuildFile; fileRef = C60129F7218BF646009DA8C5 /* keccak256.c */; };
		C6012A0C218BF647009DA8C5 /* md4.c in Sources */ = {isa = PBXBuildFile; fileRef = C60129F9218BF646009DA8C5 /* md4.c */; };
		C6012A0D218BF647009DA8C5 /* sm3.c in Sources */ = {isa = PBXBuildFile; fileRef = C60129FB218BF647009DA8C5 /* sm3.c */; };
		C6012A0E218BF647009DA8C5 /* ripemd160.c in Sources */ = {isa = PBXBuildFile; fileRef = C60129FC218BF647009DA8C5 /* ripemd160.c */; };
		C6012A0F218BF647009DA8C5 /* md5.c in Sources */ = {isa = PBXBuildFile; fileRef = C60129FD218BF647009DA8C5 /* md5.c */; };
		C6012A10218BF647009DA8C5 /* pbkdf2.c in Sources */ = {isa = PBXBuildFile; fileRef = C6012A00218BF647009DA8C5 /* pbkdf2.c */; };
		C6012A11218BF647009DA8C5 /* keccak512.c in Sources */ = {isa = PBXBuildFile; fileRef = C6012A01218BF647009DA8C5 /* keccak512.c */; };
		C6012A19218BF669009DA8C5 /* owc_curve.c in Sources */ = {isa = PBXBuildFile; fileRef = C6012A13218BF669009DA8C5 /* owc_curve.c */; };
		C6012A1A218BF669009DA8C5 /* owc_algorithm.c in Sources */ = {isa = PBXBuildFile; fileRef = C6012A15218BF669009DA8C5 /* owc_algorithm.c */; };
		C6012A1B218BF669009DA8C5 /* owc_montgamery.c in Sources */ = {isa = PBXBuildFile; fileRef = C6012A16218BF669009DA8C5 /* owc_montgamery.c */; };
		C6012A1C218BF669009DA8C5 /* owc_alloc.c in Sources */ = {isa = PBXBuildFile; fileRef = C6012A17218BF669009DA8C5 /* owc_alloc.c */; };
		C6012A1D218BF669009DA8C5 /* owc_core.c in Sources */ = {isa = PBXBuildFile; fileRef = C6012A18218BF669009DA8C5 /* owc_core.c */; };
		C6012A20218BF685009DA8C5 /* main.c in Sources */ = {isa = PBXBuildFile; fileRef = C6012A1F218BF685009DA8C5 /* main.c */; };
		C6753A8922129D53005E2A31 /* ref10_ge_madd.c in Sources */ = {isa = PBXBuildFile; fileRef = C6753A2122129D47005E2A31 /* ref10_ge_madd.c */; };
		C6753A8A22129D53005E2A31 /* ref10_fe_frombytes.c in Sources */ = {isa = PBXBuildFile; fileRef = C6753A2522129D47005E2A31 /* ref10_fe_frombytes.c */; };
		C6753A8B22129D53005E2A31 /* ref10_ge_p3_add.c in Sources */ = {isa = PBXBuildFile; fileRef = C6753A2722129D48005E2A31 /* ref10_ge_p3_add.c */; };
		C6753A8C22129D53005E2A31 /* ref10_sign.c in Sources */ = {isa = PBXBuildFile; fileRef = C6753A2922129D48005E2A31 /* ref10_sign.c */; };
		C6753A8D22129D54005E2A31 /* ref10_gen_eddsa.c in Sources */ = {isa = PBXBuildFile; fileRef = C6753A2A22129D48005E2A31 /* ref10_gen_eddsa.c */; };
		C6753A8E22129D54005E2A31 /* ref10_fe_montx_to_edy.c in Sources */ = {isa = PBXBuildFile; fileRef = C6753A2B22129D48005E2A31 /* ref10_fe_montx_to_edy.c */; };
		C6753A8F22129D54005E2A31 /* ref10_sign_modified.c in Sources */ = {isa = PBXBuildFile; fileRef = C6753A2D22129D48005E2A31 /* ref10_sign_modified.c */; };
		C6753A9022129D54005E2A31 /* ref10_gen_x.c in Sources */ = {isa = PBXBuildFile; fileRef = C6753A2E22129D48005E2A31 /* ref10_gen_x.c */; };
		C6753A9122129D54005E2A31 /* ref10_ge_p3_dbl.c in Sources */ = {isa = PBXBuildFile; fileRef = C6753A3122129D48005E2A31 /* ref10_ge_p3_dbl.c */; };
		C6753A9222129D54005E2A31 /* ref10_fe_tobytes.c in Sources */ = {isa = PBXBuildFile; fileRef = C6753A3322129D49005E2A31 /* ref10_fe_tobytes.c */; };
		C6753A9322129D54005E2A31 /* ref10_hash.c in Sources */ = {isa = PBXBuildFile; fileRef = C6753A3722129D49005E2A31 /* ref10_hash.c */; };
		C6753A9422129D54005E2A31 /* ref10_ge_p2_dbl.c in Sources */ = {isa = PBXBuildFile; fileRef = C6753A3922129D4A005E2A31 /* ref10_ge_p2_dbl.c */; };
		C6753A9522129D54005E2A31 /* ref10_ge_tobytes.c in Sources */ = {isa = PBXBuildFile; fileRef = C6753A3A22129D4A005E2A31 /* ref10_ge_tobytes.c */; };
		C6753A9622129D54005E2A31 /* ref10_sc_isreduced.c in Sources */ = {isa = PBXBuildFile; fileRef = C6753A3B22129D4A005E2A31 /* ref10_sc_isreduced.c */; };
		C6753A9722129D54005E2A31 /* ref10_blocks.c in Sources */ = {isa = PBXBuildFile; fileRef = C6753A3C22129D4A005E2A31 /* ref10_blocks.c */; };
		C6753A9822129D54005E2A31 /* ref10_gen_labelset.c in Sources */ = {isa = PBXBuildFile; fileRef = C6753A3D22129D4A005E2A31 /* ref10_gen_labelset.c */; };
		C6753A9922129D54005E2A31 /* ref10_ge_p1p1_to_p2.c in Sources */ = {isa = PBXBuildFile; fileRef = C6753A3E22129D4A005E2A31 /* ref10_ge_p1p1_to_p2.c */; };
		C6753A9A22129D54005E2A31 /* ref10_fe_add.c in Sources */ = {isa = PBXBuildFile; fileRef = C6753A4022129D4A005E2A31 /* ref10_fe_add.c */; };
		C6753A9B22129D54005E2A31 /* ref10_elligator.c in Sources */ = {isa = PBXBuildFile; fileRef = C6753A4122129D4B005E2A31 /* ref10_elligator.c */; };
		C6753A9C22129D54005E2A31 /* ref10_ge_p3_to_montx.c in Sources */ = {isa = PBXBuildFile; fileRef = C6753A4222129D4B005E2A31 /* ref10_ge_p3_to_montx.c */; };
		C6753A9D22129D54005E2A31 /* ref10_fe_pow22523.c in Sources */ = {isa = PBXBuildFile; fileRef = C6753A4322129D4B005E2A31 /* ref10_fe_pow22523.c */; };
		C6753A9E22129D54005E2A31 /* ref10_point_isreduced.c in Sources */ = {isa = PBXBuildFile; fileRef = C6753A4522129D4B005E2A31 /* ref10_point_isreduced.c */; };
		C6753A9F22129D54005E2A31 /* ref10_sc_cmov.c in Sources */ = {isa = PBXBuildFile; fileRef = C6753A4622129D4B005E2A31 /* ref10_sc_cmov.c */; };
		C6753AA022129D54005E2A31 /* ref10_fe_sq2.c in Sources */ = {isa = PBXBuildFile; fileRef = C6753A4722129D4B005E2A31 /* ref10_fe_sq2.c */; };
		C6753AA122129D54005E2A31 /* ref10_ge_p3_to_cached.c in Sources */ = {isa = PBXBuildFile; fileRef = C6753A4822129D4C005E2A31 /* ref10_ge_p3_to_cached.c */; };
		C6753AA222129D54005E2A31 /* ref10_ge_msub.c in Sources */ = {isa = PBXBuildFile; fileRef = C6753A4922129D4C005E2A31 /* ref10_ge_msub.c */; };
		C6753AA322129D54005E2A31 /* ref10_fe_mont_rhs.c in Sources */ = {isa = PBXBuildFile; fileRef = C6753A4B22129D4C005E2A31 /* ref10_fe_mont_rhs.c */; };
		C6753AA422129D54005E2A31 /* ref10_ge_isneutral.c in Sources */ = {isa = PBXBuildFile; fileRef = C6753A4C22129D4C005E2A31 /* ref10_ge_isneutral.c */; };
		C6753AA522129D54005E2A31 /* ref10_ge_scalarmult.c in Sources */ = {isa = PBXBuildFile; fileRef = C6753A4F22129D4D005E2A31 /* ref10_ge_scalarmult.c */; };
		C6753AA622129D54005E2A31 /* ref10_curve_sigs.c in Sources */ = {isa = PBXBuildFile; fileRef = C6753A5022129D4D005E2A31 /* ref10_curve_sigs.c */; };
		C6753AA722129D54005E2A31 /* ref10_compare.c in Sources */ = {isa = PBXBuildFile; fileRef = C6753A5122129D4D005E2A31 /* ref10_compare.c */; };
		C6753AA822129D54005E2A31 /* ref10_sc_reduce.c in Sources */ = {isa = PBXBuildFile; fileRef = C6753A5222129D4D005E2A31 /* ref10_sc_reduce.c */; };
		C6753AA922129D54005E2A31 /* ref10_ge_sub.c in Sources */ = {isa = PBXBuildFile; fileRef = C6753A5322129D4D005E2A31 /* ref10_ge_sub.c */; };
		C6753AAA22129D54005E2A31 /* ref10_fe_isequal.c in Sources */ = {isa = PBXBuildFile; fileRef = C6753A5622129D4D005E2A31 /* ref10_fe_isequal.c */; };
		C6753AAB22129D54005E2A31 /* ref10_fe_isreduced.c in Sources */ = {isa = PBXBuildFile; fileRef = C6753A5722129D4E005E2A31 /* ref10_fe_isreduced.c */; };
		C6753AAC22129D54005E2A31 /* ref10_fe_isnegative.c in Sources */ = {isa = PBXBuildFile; fileRef = C6753A5822129D4E005E2A31 /* ref10_fe_isnegative.c */; };
		C6753AAD22129D54005E2A31 /* ref10_open_modified.c in Sources */ = {isa = PBXBuildFile; fileRef = C6753A5922129D4E005E2A31 /* ref10_open_modified.c */; };
		C6753AAE22129D54005E2A31 /* ref10_ge_add.c in Sources */ = {isa = PBXBuildFile; fileRef = C6753A5B22129D4E005E2A31 /* ref10_ge_add.c */; };
		C6753AAF22129D54005E2A31 /* ref10_ge_scalarmult_cofactor.c in Sources */ = {isa = PBXBuildFile; fileRef = C6753A5D22129D4E005E2A31 /* ref10_ge_scalarmult_cofactor.c */; };
		C6753AB022129D54005E2A31 /* ref10_zeroize.c in Sources */ = {isa = PBXBuildFile; fileRef = C6753A6122129D4F005E2A31 /* ref10_zeroize.c */; };
		C6753AB122129D54005E2A31 /* ref10_fe_invert.c in Sources */ = {isa = PBXBuildFile; fileRef = C6753A6222129D4F005E2A31 /* ref10_fe_invert.c */; };
		C6753AB222129D54005E2A31 /* ref10_ge_double_scalarmult.c in Sources */ = {isa = PBXBuildFile; fileRef = C6753A6322129D4F005E2A31 /* ref10_ge_double_scalarmult.c */; };
		C6753AB322129D54005E2A31 /* ref10_fe_0.c in Sources */ = {isa = PBXBuildFile; fileRef = C6753A6422129D4F005E2A31 /* ref10_fe_0.c */; };
		C6753AB422129D54005E2A31 /* ref10_ge_p3_to_p2.c in Sources */ = {isa = PBXBuildFile; fileRef = C6753A6522129D4F005E2A31 /* ref10_ge_p3_to_p2.c */; };
		C6753AB522129D54005E2A31 /* ref10_ge_frombytes.c in Sources */ = {isa = PBXBuildFile; fileRef = C6753A6622129D4F005E2A31 /* ref10_ge_frombytes.c */; };
		C6753AB622129D54005E2A31 /* ref10_fe_sub.c in Sources */ = {isa = PBXBuildFile; fileRef = C6753A6822129D4F005E2A31 /* ref10_fe_sub.c */; };
		C6753AB722129D54005E2A31 /* ref10_sc_muladd.c in Sources */ = {isa = PBXBuildFile; fileRef = C6753A6922129D50005E2A31 /* ref10_sc_muladd.c */; };
		C6753AB822129D54005E2A31 /* ref10_ge_precomp_0.c in Sources */ = {isa = PBXBuildFile; fileRef = C6753A6B22129D50005E2A31 /* ref10_ge_precomp_0.c */; };
		C6753AB922129D54005E2A31 /* ref10_fe_cmov.c in Sources */ = {isa = PBXBuildFile; fileRef = C6753A6C22129D50005E2A31 /* ref10_fe_cmov.c */; };
		C6753ABA22129D54005E2A31 /* ref10_ge_montx_to_p3.c in Sources */ = {isa = PBXBuildFile; fileRef = C6753A6D22129D50005E2A31 /* ref10_ge_montx_to_p3.c */; };
		C6753ABB22129D54005E2A31 /* ref10_keygen.c in Sources */ = {isa = PBXBuildFile; fileRef = C6753A6E22129D50005E2A31 /* ref10_keygen.c */; };
		C6753ABC22129D54005E2A31 /* ref10_fe_isnonzero.c in Sources */ = {isa = PBXBuildFile; fileRef = C6753A6F22129D50005E2A31 /* ref10_fe_isnonzero.c */; };
		C6753ABD22129D54005E2A31 /* ref10_fe_mul.c in Sources */ = {isa = PBXBuildFile; fileRef = C6753A7022129D50005E2A31 /* ref10_fe_mul.c */; };
		C6753ABE22129D54005E2A31 /* ref10_ge_p2_0.c in Sources */ = {isa = PBXBuildFile; fileRef = C6753A7122129D50005E2A31 /* ref10_ge_p2_0.c */; };
		C6753ABF22129D54005E2A31 /* ref10_xeddsa.c in Sources */ = {isa = PBXBuildFile; fileRef = C6753A7222129D51005E2A31 /* ref10_xeddsa.c */; };
		C6753AC022129D54005E2A31 /* ref10_ge_p3_tobytes.c in Sources */ = {isa = PBXBuildFile; fileRef = C6753A7322129D51005E2A31 /* ref10_ge_p3_tobytes.c */; };
		C6753AC122129D54005E2A31 /* ref10_open.c in Sources */ = {isa = PBXBuildFile; fileRef = C6753A7522129D51005E2A31 /* ref10_open.c */; };
		C6753AC222129D54005E2A31 /* ref10_ge_neg.c in Sources */ = {isa = PBXBuildFile; fileRef = C6753A7622129D51005E2A31 /* ref10_ge_neg.c */; };
		C6753AC322129D54005E2A31 /* ref10_fe_sqrt.c in Sources */ = {isa = PBXBuildFile; fileRef = C6753A7922129D51005E2A31 /* ref10_fe_sqrt.c */; };
		C6753AC422129D54005E2A31 /* ref10_fe_copy.c in Sources */ = {isa = PBXBuildFile; fileRef = C6753A7B22129D52005E2A31 /* ref10_fe_copy.c */; };
		C6753AC522129D54005E2A31 /* ref10_ge_scalarmult_base.c in Sources */ = {isa = PBXBuildFile; fileRef = C6753A7C22129D52005E2A31 /* ref10_ge_scalarmult_base.c */; };
		C6753AC622129D54005E2A31 /* ref10_ge_p1p1_to_p3.c in Sources */ = {isa = PBXBuildFile; fileRef = C6753A7D22129D52005E2A31 /* ref10_ge_p1p1_to_p3.c */; };
		C6753AC722129D54005E2A31 /* ref10_sc_neg.c in Sources */ = {isa = PBXBuildFile; fileRef = C6753A8022129D52005E2A31 /* ref10_sc_neg.c */; };
		C6753AC822129D54005E2A31 /* ref10_gen_veddsa.c in Sources */ = {isa = PBXBuildFile; fileRef = C6753A8122129D52005E2A31 /* ref10_gen_veddsa.c */; };
		C6753AC922129D54005E2A31 /* ref10_ge_p3_0.c in Sources */ = {isa = PBXBuildFile; fileRef = C6753A8222129D53005E2A31 /* ref10_ge_p3_0.c */; };
		C6753ACA22129D54005E2A31 /* ref10_fe_neg.c in Sources */ = {isa = PBXBuildFile; fileRef = C6753A8522129D53005E2A31 /* ref10_fe_neg.c */; };
		C6753ACB22129D54005E2A31 /* ref10_fe_sq.c in Sources */ = {isa = PBXBuildFile; fileRef = C6753A8622129D53005E2A31 /* ref10_fe_sq.c */; };
		C6753ACC22129D54005E2A31 /* ref10_sc_clamp.c in Sources */ = {isa = PBXBuildFile; fileRef = C6753A8722129D53005E2A31 /* ref10_sc_clamp.c */; };
		C6753ACD22129D54005E2A31 /* ref10_fe_1.c in Sources */ = {isa = PBXBuildFile; fileRef = C6753A8822129D53005E2A31 /* ref10_fe_1.c */; };
/* End PBXBuildFile section */

/* Begin PBXCopyFilesBuildPhase section */
		C60129AF218BF551009DA8C5 /* CopyFiles */ = {
			isa = PBXCopyFilesBuildPhase;
			buildActionMask = 2147483647;
			dstPath = /usr/share/man/man1/;
			dstSubfolderSpec = 0;
			files = (
			);
			runOnlyForDeploymentPostprocessing = 1;
		};
/* End PBXCopyFilesBuildPhase section */

/* Begin PBXFileReference section */
		2B5F929E218FF00D00063737 /* blake2b.c */ = {isa = PBXFileReference; fileEncoding = 4; lastKnownFileType = sourcecode.c.c; path = blake2b.c; sourceTree = "<group>"; };
		C60129B1218BF551009DA8C5 /* owcrypt */ = {isa = PBXFileReference; explicitFileType = "compiled.mach-o.executable"; includeInIndex = 0; path = owcrypt; sourceTree = BUILT_PRODUCTS_DIR; };
		C60129BD218BF5B8009DA8C5 /* bigrand.h */ = {isa = PBXFileReference; fileEncoding = 4; lastKnownFileType = sourcecode.c.h; path = bigrand.h; sourceTree = "<group>"; };
		C60129BE218BF5B9009DA8C5 /* bignum.h */ = {isa = PBXFileReference; fileEncoding = 4; lastKnownFileType = sourcecode.c.h; path = bignum.h; sourceTree = "<group>"; };
		C60129BF218BF5B9009DA8C5 /* bignum.c */ = {isa = PBXFileReference; fileEncoding = 4; lastKnownFileType = sourcecode.c.c; path = bignum.c; sourceTree = "<group>"; };
		C60129C0218BF5B9009DA8C5 /* bigrand.c */ = {isa = PBXFileReference; fileEncoding = 4; lastKnownFileType = sourcecode.c.c; path = bigrand.c; sourceTree = "<group>"; };
		C60129C1218BF5B9009DA8C5 /* type.h */ = {isa = PBXFileReference; fileEncoding = 4; lastKnownFileType = sourcecode.c.h; path = type.h; sourceTree = "<group>"; };
		C60129C5218BF5E4009DA8C5 /* ecc_set.c */ = {isa = PBXFileReference; fileEncoding = 4; lastKnownFileType = sourcecode.c.c; path = ecc_set.c; sourceTree = "<group>"; };
		C60129C6218BF5E4009DA8C5 /* hash_set.h */ = {isa = PBXFileReference; fileEncoding = 4; lastKnownFileType = sourcecode.c.h; path = hash_set.h; sourceTree = "<group>"; };
		C60129C7218BF5E4009DA8C5 /* hash_set.c */ = {isa = PBXFileReference; fileEncoding = 4; lastKnownFileType = sourcecode.c.c; path = hash_set.c; sourceTree = "<group>"; };
		C60129C8218BF5E4009DA8C5 /* ecc_set.h */ = {isa = PBXFileReference; fileEncoding = 4; lastKnownFileType = sourcecode.c.h; path = ecc_set.h; sourceTree = "<group>"; };
		C60129CC218BF60B009DA8C5 /* secp256r1.c */ = {isa = PBXFileReference; fileEncoding = 4; lastKnownFileType = sourcecode.c.c; path = secp256r1.c; sourceTree = "<group>"; };
		C60129CD218BF60B009DA8C5 /* ED25519.c */ = {isa = PBXFileReference; fileEncoding = 4; lastKnownFileType = sourcecode.c.c; path = ED25519.c; sourceTree = "<group>"; };
		C60129CE218BF60B009DA8C5 /* ECDSA.c */ = {isa = PBXFileReference; fileEncoding = 4; lastKnownFileType = sourcecode.c.c; path = ECDSA.c; sourceTree = "<group>"; };
		C60129CF218BF60B009DA8C5 /* ECDSA.h */ = {isa = PBXFileReference; fileEncoding = 4; lastKnownFileType = sourcecode.c.h; path = ECDSA.h; sourceTree = "<group>"; };
		C60129D0218BF60B009DA8C5 /* sm2.h */ = {isa = PBXFileReference; fileEncoding = 4; lastKnownFileType = sourcecode.c.h; path = sm2.h; sourceTree = "<group>"; };
		C60129D1218BF60B009DA8C5 /* secp256k1.c */ = {isa = PBXFileReference; fileEncoding = 4; lastKnownFileType = sourcecode.c.c; path = secp256k1.c; sourceTree = "<group>"; };
		C60129D2218BF60B009DA8C5 /* sm2.c */ = {isa = PBXFileReference; fileEncoding = 4; lastKnownFileType = sourcecode.c.c; path = sm2.c; sourceTree = "<group>"; };
		C60129D3218BF60B009DA8C5 /* secp256r1.h */ = {isa = PBXFileReference; fileEncoding = 4; lastKnownFileType = sourcecode.c.h; path = secp256r1.h; sourceTree = "<group>"; };
		C60129D4218BF60C009DA8C5 /* ED25519.h */ = {isa = PBXFileReference; fileEncoding = 4; lastKnownFileType = sourcecode.c.h; path = ED25519.h; sourceTree = "<group>"; };
		C60129D5218BF60C009DA8C5 /* ecc_drv.h */ = {isa = PBXFileReference; fileEncoding = 4; lastKnownFileType = sourcecode.c.h; path = ecc_drv.h; sourceTree = "<group>"; };
		C60129D6218BF60C009DA8C5 /* ecc_drv.c */ = {isa = PBXFileReference; fileEncoding = 4; lastKnownFileType = sourcecode.c.c; path = ecc_drv.c; sourceTree = "<group>"; };
		C60129D7218BF60C009DA8C5 /* secp256k1.h */ = {isa = PBXFileReference; fileEncoding = 4; lastKnownFileType = sourcecode.c.h; path = secp256k1.h; sourceTree = "<group>"; };
		C60129E1218BF646009DA8C5 /* sha1.c */ = {isa = PBXFileReference; fileEncoding = 4; lastKnownFileType = sourcecode.c.c; path = sha1.c; sourceTree = "<group>"; };
		C60129E2218BF646009DA8C5 /* hmac.c */ = {isa = PBXFileReference; fileEncoding = 4; lastKnownFileType = sourcecode.c.c; path = hmac.c; sourceTree = "<group>"; };
		C60129E3218BF646009DA8C5 /* sha3_512.c */ = {isa = PBXFileReference; fileEncoding = 4; lastKnownFileType = sourcecode.c.c; path = sha3_512.c; sourceTree = "<group>"; };
		C60129E4218BF646009DA8C5 /* sha256.c */ = {isa = PBXFileReference; fileEncoding = 4; lastKnownFileType = sourcecode.c.c; path = sha256.c; sourceTree = "<group>"; };
		C60129E5218BF646009DA8C5 /* keccak512.h */ = {isa = PBXFileReference; fileEncoding = 4; lastKnownFileType = sourcecode.c.h; path = keccak512.h; sourceTree = "<group>"; };
		C60129E6218BF646009DA8C5 /* blake256.c */ = {isa = PBXFileReference; fileEncoding = 4; lastKnownFileType = sourcecode.c.c; path = blake256.c; sourceTree = "<group>"; };
		C60129E7218BF646009DA8C5 /* sha3_512.h */ = {isa = PBXFileReference; fileEncoding = 4; lastKnownFileType = sourcecode.c.h; path = sha3_512.h; sourceTree = "<group>"; };
		C60129E8218BF646009DA8C5 /* sha3_256.h */ = {isa = PBXFileReference; fileEncoding = 4; lastKnownFileType = sourcecode.c.h; path = sha3_256.h; sourceTree = "<group>"; };
		C60129E9218BF646009DA8C5 /* ripemd160.h */ = {isa = PBXFileReference; fileEncoding = 4; lastKnownFileType = sourcecode.c.h; path = ripemd160.h; sourceTree = "<group>"; };
		C60129EA218BF646009DA8C5 /* keccak256.h */ = {isa = PBXFileReference; fileEncoding = 4; lastKnownFileType = sourcecode.c.h; path = keccak256.h; sourceTree = "<group>"; };
		C60129EB218BF646009DA8C5 /* sha512.c */ = {isa = PBXFileReference; fileEncoding = 4; lastKnownFileType = sourcecode.c.c; path = sha512.c; sourceTree = "<group>"; };
		C60129EC218BF646009DA8C5 /* pbkdf2.h */ = {isa = PBXFileReference; fileEncoding = 4; lastKnownFileType = sourcecode.c.h; path = pbkdf2.h; sourceTree = "<group>"; };
		C60129ED218BF646009DA8C5 /* sha3_256.c */ = {isa = PBXFileReference; fileEncoding = 4; lastKnownFileType = sourcecode.c.c; path = sha3_256.c; sourceTree = "<group>"; };
		C60129EE218BF646009DA8C5 /* blake512.h */ = {isa = PBXFileReference; fileEncoding = 4; lastKnownFileType = sourcecode.c.h; path = blake512.h; sourceTree = "<group>"; };
		C60129EF218BF646009DA8C5 /* sm3.h */ = {isa = PBXFileReference; fileEncoding = 4; lastKnownFileType = sourcecode.c.h; path = sm3.h; sourceTree = "<group>"; };
		C60129F0218BF646009DA8C5 /* blake512.c */ = {isa = PBXFileReference; fileEncoding = 4; lastKnownFileType = sourcecode.c.c; path = blake512.c; sourceTree = "<group>"; };
		C60129F1218BF646009DA8C5 /* sha256.h */ = {isa = PBXFileReference; fileEncoding = 4; lastKnownFileType = sourcecode.c.h; path = sha256.h; sourceTree = "<group>"; };
		C60129F2218BF646009DA8C5 /* blake2s.h */ = {isa = PBXFileReference; fileEncoding = 4; lastKnownFileType = sourcecode.c.h; path = blake2s.h; sourceTree = "<group>"; };
		C60129F3218BF646009DA8C5 /* blake256.h */ = {isa = PBXFileReference; fileEncoding = 4; lastKnownFileType = sourcecode.c.h; path = blake256.h; sourceTree = "<group>"; };
		C60129F4218BF646009DA8C5 /* blake2s.c */ = {isa = PBXFileReference; fileEncoding = 4; lastKnownFileType = sourcecode.c.c; path = blake2s.c; sourceTree = "<group>"; };
		C60129F5218BF646009DA8C5 /* hmac.h */ = {isa = PBXFileReference; fileEncoding = 4; lastKnownFileType = sourcecode.c.h; path = hmac.h; sourceTree = "<group>"; };
		C60129F6218BF646009DA8C5 /* sha512.h */ = {isa = PBXFileReference; fileEncoding = 4; lastKnownFileType = sourcecode.c.h; path = sha512.h; sourceTree = "<group>"; };
		C60129F7218BF646009DA8C5 /* keccak256.c */ = {isa = PBXFileReference; fileEncoding = 4; lastKnownFileType = sourcecode.c.c; path = keccak256.c; sourceTree = "<group>"; };
		C60129F8218BF646009DA8C5 /* md4.h */ = {isa = PBXFileReference; fileEncoding = 4; lastKnownFileType = sourcecode.c.h; path = md4.h; sourceTree = "<group>"; };
		C60129F9218BF646009DA8C5 /* md4.c */ = {isa = PBXFileReference; fileEncoding = 4; lastKnownFileType = sourcecode.c.c; path = md4.c; sourceTree = "<group>"; };
		C60129FA218BF646009DA8C5 /* md5.h */ = {isa = PBXFileReference; fileEncoding = 4; lastKnownFileType = sourcecode.c.h; path = md5.h; sourceTree = "<group>"; };
		C60129FB218BF647009DA8C5 /* sm3.c */ = {isa = PBXFileReference; fileEncoding = 4; lastKnownFileType = sourcecode.c.c; path = sm3.c; sourceTree = "<group>"; };
		C60129FC218BF647009DA8C5 /* ripemd160.c */ = {isa = PBXFileReference; fileEncoding = 4; lastKnownFileType = sourcecode.c.c; path = ripemd160.c; sourceTree = "<group>"; };
		C60129FD218BF647009DA8C5 /* md5.c */ = {isa = PBXFileReference; fileEncoding = 4; lastKnownFileType = sourcecode.c.c; path = md5.c; sourceTree = "<group>"; };
		C60129FE218BF647009DA8C5 /* blake2b.h */ = {isa = PBXFileReference; fileEncoding = 4; lastKnownFileType = sourcecode.c.h; path = blake2b.h; sourceTree = "<group>"; };
		C60129FF218BF647009DA8C5 /* sha1.h */ = {isa = PBXFileReference; fileEncoding = 4; lastKnownFileType = sourcecode.c.h; path = sha1.h; sourceTree = "<group>"; };
		C6012A00218BF647009DA8C5 /* pbkdf2.c */ = {isa = PBXFileReference; fileEncoding = 4; lastKnownFileType = sourcecode.c.c; path = pbkdf2.c; sourceTree = "<group>"; };
		C6012A01218BF647009DA8C5 /* keccak512.c */ = {isa = PBXFileReference; fileEncoding = 4; lastKnownFileType = sourcecode.c.c; path = keccak512.c; sourceTree = "<group>"; };
		C6012A13218BF669009DA8C5 /* owc_curve.c */ = {isa = PBXFileReference; fileEncoding = 4; lastKnownFileType = sourcecode.c.c; path = owc_curve.c; sourceTree = "<group>"; };
		C6012A14218BF669009DA8C5 /* owcrypt_core.h */ = {isa = PBXFileReference; fileEncoding = 4; lastKnownFileType = sourcecode.c.h; path = owcrypt_core.h; sourceTree = "<group>"; };
		C6012A15218BF669009DA8C5 /* owc_algorithm.c */ = {isa = PBXFileReference; fileEncoding = 4; lastKnownFileType = sourcecode.c.c; path = owc_algorithm.c; sourceTree = "<group>"; };
		C6012A16218BF669009DA8C5 /* owc_montgamery.c */ = {isa = PBXFileReference; fileEncoding = 4; lastKnownFileType = sourcecode.c.c; path = owc_montgamery.c; sourceTree = "<group>"; };
		C6012A17218BF669009DA8C5 /* owc_alloc.c */ = {isa = PBXFileReference; fileEncoding = 4; lastKnownFileType = sourcecode.c.c; path = owc_alloc.c; sourceTree = "<group>"; };
		C6012A18218BF669009DA8C5 /* owc_core.c */ = {isa = PBXFileReference; fileEncoding = 4; lastKnownFileType = sourcecode.c.c; path = owc_core.c; sourceTree = "<group>"; };
		C6012A1F218BF685009DA8C5 /* main.c */ = {isa = PBXFileReference; fileEncoding = 4; lastKnownFileType = sourcecode.c.c; path = main.c; sourceTree = "<group>"; };
		C6753A2122129D47005E2A31 /* ref10_ge_madd.c */ = {isa = PBXFileReference; fileEncoding = 4; lastKnownFileType = sourcecode.c.c; path = ref10_ge_madd.c; sourceTree = "<group>"; };
		C6753A2222129D47005E2A31 /* ref10_crypto_uint32.h */ = {isa = PBXFileReference; fileEncoding = 4; lastKnownFileType = sourcecode.c.h; path = ref10_crypto_uint32.h; sourceTree = "<group>"; };
		C6753A2422129D47005E2A31 /* ref10_gen_crypto_additions.h */ = {isa = PBXFileReference; fileEncoding = 4; lastKnownFileType = sourcecode.c.h; path = ref10_gen_crypto_additions.h; sourceTree = "<group>"; };
		C6753A2522129D47005E2A31 /* ref10_fe_frombytes.c */ = {isa = PBXFileReference; fileEncoding = 4; lastKnownFileType = sourcecode.c.c; path = ref10_fe_frombytes.c; sourceTree = "<group>"; };
		C6753A2622129D48005E2A31 /* ref10_crypto_sign_edwards25519sha512batch.h */ = {isa = PBXFileReference; fileEncoding = 4; lastKnownFileType = sourcecode.c.h; path = ref10_crypto_sign_edwards25519sha512batch.h; sourceTree = "<group>"; };
		C6753A2722129D48005E2A31 /* ref10_ge_p3_add.c */ = {isa = PBXFileReference; fileEncoding = 4; lastKnownFileType = sourcecode.c.c; path = ref10_ge_p3_add.c; sourceTree = "<group>"; };
		C6753A2822129D48005E2A31 /* ref10_crypto_int64.h */ = {isa = PBXFileReference; fileEncoding = 4; lastKnownFileType = sourcecode.c.h; path = ref10_crypto_int64.h; sourceTree = "<group>"; };
		C6753A2922129D48005E2A31 /* ref10_sign.c */ = {isa = PBXFileReference; fileEncoding = 4; lastKnownFileType = sourcecode.c.c; path = ref10_sign.c; sourceTree = "<group>"; };
		C6753A2A22129D48005E2A31 /* ref10_gen_eddsa.c */ = {isa = PBXFileReference; fileEncoding = 4; lastKnownFileType = sourcecode.c.c; path = ref10_gen_eddsa.c; sourceTree = "<group>"; };
		C6753A2B22129D48005E2A31 /* ref10_fe_montx_to_edy.c */ = {isa = PBXFileReference; fileEncoding = 4; lastKnownFileType = sourcecode.c.c; path = ref10_fe_montx_to_edy.c; sourceTree = "<group>"; };
		C6753A2D22129D48005E2A31 /* ref10_sign_modified.c */ = {isa = PBXFileReference; fileEncoding = 4; lastKnownFileType = sourcecode.c.c; path = ref10_sign_modified.c; sourceTree = "<group>"; };
		C6753A2E22129D48005E2A31 /* ref10_gen_x.c */ = {isa = PBXFileReference; fileEncoding = 4; lastKnownFileType = sourcecode.c.c; path = ref10_gen_x.c; sourceTree = "<group>"; };
		C6753A2F22129D48005E2A31 /* ref10_crypto_uint64.h */ = {isa = PBXFileReference; fileEncoding = 4; lastKnownFileType = sourcecode.c.h; path = ref10_crypto_uint64.h; sourceTree = "<group>"; };
		C6753A3122129D48005E2A31 /* ref10_ge_p3_dbl.c */ = {isa = PBXFileReference; fileEncoding = 4; lastKnownFileType = sourcecode.c.c; path = ref10_ge_p3_dbl.c; sourceTree = "<group>"; };
		C6753A3322129D49005E2A31 /* ref10_fe_tobytes.c */ = {isa = PBXFileReference; fileEncoding = 4; lastKnownFileType = sourcecode.c.c; path = ref10_fe_tobytes.c; sourceTree = "<group>"; };
		C6753A3722129D49005E2A31 /* ref10_hash.c */ = {isa = PBXFileReference; fileEncoding = 4; lastKnownFileType = sourcecode.c.c; path = ref10_hash.c; sourceTree = "<group>"; };
		C6753A3822129D49005E2A31 /* ref10_ge.h */ = {isa = PBXFileReference; fileEncoding = 4; lastKnownFileType = sourcecode.c.h; path = ref10_ge.h; sourceTree = "<group>"; };
		C6753A3922129D4A005E2A31 /* ref10_ge_p2_dbl.c */ = {isa = PBXFileReference; fileEncoding = 4; lastKnownFileType = sourcecode.c.c; path = ref10_ge_p2_dbl.c; sourceTree = "<group>"; };
		C6753A3A22129D4A005E2A31 /* ref10_ge_tobytes.c */ = {isa = PBXFileReference; fileEncoding = 4; lastKnownFileType = sourcecode.c.c; path = ref10_ge_tobytes.c; sourceTree = "<group>"; };
		C6753A3B22129D4A005E2A31 /* ref10_sc_isreduced.c */ = {isa = PBXFileReference; fileEncoding = 4; lastKnownFileType = sourcecode.c.c; path = ref10_sc_isreduced.c; sourceTree = "<group>"; };
		C6753A3C22129D4A005E2A31 /* ref10_blocks.c */ = {isa = PBXFileReference; fileEncoding = 4; lastKnownFileType = sourcecode.c.c; path = ref10_blocks.c; sourceTree = "<group>"; };
		C6753A3D22129D4A005E2A31 /* ref10_gen_labelset.c */ = {isa = PBXFileReference; fileEncoding = 4; lastKnownFileType = sourcecode.c.c; path = ref10_gen_labelset.c; sourceTree = "<group>"; };
		C6753A3E22129D4A005E2A31 /* ref10_ge_p1p1_to_p2.c */ = {isa = PBXFileReference; fileEncoding = 4; lastKnownFileType = sourcecode.c.c; path = ref10_ge_p1p1_to_p2.c; sourceTree = "<group>"; };
		C6753A3F22129D4A005E2A31 /* ref10_crypto_additions.h */ = {isa = PBXFileReference; fileEncoding = 4; lastKnownFileType = sourcecode.c.h; path = ref10_crypto_additions.h; sourceTree = "<group>"; };
		C6753A4022129D4A005E2A31 /* ref10_fe_add.c */ = {isa = PBXFileReference; fileEncoding = 4; lastKnownFileType = sourcecode.c.c; path = ref10_fe_add.c; sourceTree = "<group>"; };
		C6753A4122129D4B005E2A31 /* ref10_elligator.c */ = {isa = PBXFileReference; fileEncoding = 4; lastKnownFileType = sourcecode.c.c; path = ref10_elligator.c; sourceTree = "<group>"; };
		C6753A4222129D4B005E2A31 /* ref10_ge_p3_to_montx.c */ = {isa = PBXFileReference; fileEncoding = 4; lastKnownFileType = sourcecode.c.c; path = ref10_ge_p3_to_montx.c; sourceTree = "<group>"; };
		C6753A4322129D4B005E2A31 /* ref10_fe_pow22523.c */ = {isa = PBXFileReference; fileEncoding = 4; lastKnownFileType = sourcecode.c.c; path = ref10_fe_pow22523.c; sourceTree = "<group>"; };
		C6753A4422129D4B005E2A31 /* ref10_crypto_hash_sha512.h */ = {isa = PBXFileReference; fileEncoding = 4; lastKnownFileType = sourcecode.c.h; path = ref10_crypto_hash_sha512.h; sourceTree = "<group>"; };
		C6753A4522129D4B005E2A31 /* ref10_point_isreduced.c */ = {isa = PBXFileReference; fileEncoding = 4; lastKnownFileType = sourcecode.c.c; path = ref10_point_isreduced.c; sourceTree = "<group>"; };
		C6753A4622129D4B005E2A31 /* ref10_sc_cmov.c */ = {isa = PBXFileReference; fileEncoding = 4; lastKnownFileType = sourcecode.c.c; path = ref10_sc_cmov.c; sourceTree = "<group>"; };
		C6753A4722129D4B005E2A31 /* ref10_fe_sq2.c */ = {isa = PBXFileReference; fileEncoding = 4; lastKnownFileType = sourcecode.c.c; path = ref10_fe_sq2.c; sourceTree = "<group>"; };
		C6753A4822129D4C005E2A31 /* ref10_ge_p3_to_cached.c */ = {isa = PBXFileReference; fileEncoding = 4; lastKnownFileType = sourcecode.c.c; path = ref10_ge_p3_to_cached.c; sourceTree = "<group>"; };
		C6753A4922129D4C005E2A31 /* ref10_ge_msub.c */ = {isa = PBXFileReference; fileEncoding = 4; lastKnownFileType = sourcecode.c.c; path = ref10_ge_msub.c; sourceTree = "<group>"; };
		C6753A4A22129D4C005E2A31 /* ref10_gen_veddsa.h */ = {isa = PBXFileReference; fileEncoding = 4; lastKnownFileType = sourcecode.c.h; path = ref10_gen_veddsa.h; sourceTree = "<group>"; };
		C6753A4B22129D4C005E2A31 /* ref10_fe_mont_rhs.c */ = {isa = PBXFileReference; fileEncoding = 4; lastKnownFileType = sourcecode.c.c; path = ref10_fe_mont_rhs.c; sourceTree = "<group>"; };
		C6753A4C22129D4C005E2A31 /* ref10_ge_isneutral.c */ = {isa = PBXFileReference; fileEncoding = 4; lastKnownFileType = sourcecode.c.c; path = ref10_ge_isneutral.c; sourceTree = "<group>"; };
		C6753A4D22129D4C005E2A31 /* ref10_keygen.h */ = {isa = PBXFileReference; fileEncoding = 4; lastKnownFileType = sourcecode.c.h; path = ref10_keygen.h; sourceTree = "<group>"; };
		C6753A4E22129D4C005E2A31 /* ref10_sc.h */ = {isa = PBXFileReference; fileEncoding = 4; lastKnownFileType = sourcecode.c.h; path = ref10_sc.h; sourceTree = "<group>"; };
		C6753A4F22129D4D005E2A31 /* ref10_ge_scalarmult.c */ = {isa = PBXFileReference; fileEncoding = 4; lastKnownFileType = sourcecode.c.c; path = ref10_ge_scalarmult.c; sourceTree = "<group>"; };
		C6753A5022129D4D005E2A31 /* ref10_curve_sigs.c */ = {isa = PBXFileReference; fileEncoding = 4; lastKnownFileType = sourcecode.c.c; path = ref10_curve_sigs.c; sourceTree = "<group>"; };
		C6753A5122129D4D005E2A31 /* ref10_compare.c */ = {isa = PBXFileReference; fileEncoding = 4; lastKnownFileType = sourcecode.c.c; path = ref10_compare.c; sourceTree = "<group>"; };
		C6753A5222129D4D005E2A31 /* ref10_sc_reduce.c */ = {isa = PBXFileReference; fileEncoding = 4; lastKnownFileType = sourcecode.c.c; path = ref10_sc_reduce.c; sourceTree = "<group>"; };
		C6753A5322129D4D005E2A31 /* ref10_ge_sub.c */ = {isa = PBXFileReference; fileEncoding = 4; lastKnownFileType = sourcecode.c.c; path = ref10_ge_sub.c; sourceTree = "<group>"; };
		C6753A5422129D4D005E2A31 /* ref10_gen_eddsa.h */ = {isa = PBXFileReference; fileEncoding = 4; lastKnownFileType = sourcecode.c.h; path = ref10_gen_eddsa.h; sourceTree = "<group>"; };
		C6753A5622129D4D005E2A31 /* ref10_fe_isequal.c */ = {isa = PBXFileReference; fileEncoding = 4; lastKnownFileType = sourcecode.c.c; path = ref10_fe_isequal.c; sourceTree = "<group>"; };
		C6753A5722129D4E005E2A31 /* ref10_fe_isreduced.c */ = {isa = PBXFileReference; fileEncoding = 4; lastKnownFileType = sourcecode.c.c; path = ref10_fe_isreduced.c; sourceTree = "<group>"; };
		C6753A5822129D4E005E2A31 /* ref10_fe_isnegative.c */ = {isa = PBXFileReference; fileEncoding = 4; lastKnownFileType = sourcecode.c.c; path = ref10_fe_isnegative.c; sourceTree = "<group>"; };
		C6753A5922129D4E005E2A31 /* ref10_open_modified.c */ = {isa = PBXFileReference; fileEncoding = 4; lastKnownFileType = sourcecode.c.c; path = ref10_open_modified.c; sourceTree = "<group>"; };
		C6753A5A22129D4E005E2A31 /* ref10_curve_sigs.h */ = {isa = PBXFileReference; fileEncoding = 4; lastKnownFileType = sourcecode.c.h; path = ref10_curve_sigs.h; sourceTree = "<group>"; };
		C6753A5B22129D4E005E2A31 /* ref10_ge_add.c */ = {isa = PBXFileReference; fileEncoding = 4; lastKnownFileType = sourcecode.c.c; path = ref10_ge_add.c; sourceTree = "<group>"; };
		C6753A5D22129D4E005E2A31 /* ref10_ge_scalarmult_cofactor.c */ = {isa = PBXFileReference; fileEncoding = 4; lastKnownFileType = sourcecode.c.c; path = ref10_ge_scalarmult_cofactor.c; sourceTree = "<group>"; };
		C6753A5E22129D4E005E2A31 /* ref10_crypto_int32.h */ = {isa = PBXFileReference; fileEncoding = 4; lastKnownFileType = sourcecode.c.h; path = ref10_crypto_int32.h; sourceTree = "<group>"; };
		C6753A5F22129D4E005E2A31 /* ref10_compare.h */ = {isa = PBXFileReference; fileEncoding = 4; lastKnownFileType = sourcecode.c.h; path = ref10_compare.h; sourceTree = "<group>"; };
		C6753A6022129D4F005E2A31 /* ref10_xeddsa.h */ = {isa = PBXFileReference; fileEncoding = 4; lastKnownFileType = sourcecode.c.h; path = ref10_xeddsa.h; sourceTree = "<group>"; };
		C6753A6122129D4F005E2A31 /* ref10_zeroize.c */ = {isa = PBXFileReference; fileEncoding = 4; lastKnownFileType = sourcecode.c.c; path = ref10_zeroize.c; sourceTree = "<group>"; };
		C6753A6222129D4F005E2A31 /* ref10_fe_invert.c */ = {isa = PBXFileReference; fileEncoding = 4; lastKnownFileType = sourcecode.c.c; path = ref10_fe_invert.c; sourceTree = "<group>"; };
		C6753A6322129D4F005E2A31 /* ref10_ge_double_scalarmult.c */ = {isa = PBXFileReference; fileEncoding = 4; lastKnownFileType = sourcecode.c.c; path = ref10_ge_double_scalarmult.c; sourceTree = "<group>"; };
		C6753A6422129D4F005E2A31 /* ref10_fe_0.c */ = {isa = PBXFileReference; fileEncoding = 4; lastKnownFileType = sourcecode.c.c; path = ref10_fe_0.c; sourceTree = "<group>"; };
		C6753A6522129D4F005E2A31 /* ref10_ge_p3_to_p2.c */ = {isa = PBXFileReference; fileEncoding = 4; lastKnownFileType = sourcecode.c.c; path = ref10_ge_p3_to_p2.c; sourceTree = "<group>"; };
		C6753A6622129D4F005E2A31 /* ref10_ge_frombytes.c */ = {isa = PBXFileReference; fileEncoding = 4; lastKnownFileType = sourcecode.c.c; path = ref10_ge_frombytes.c; sourceTree = "<group>"; };
		C6753A6722129D4F005E2A31 /* ref10_zeroize.h */ = {isa = PBXFileReference; fileEncoding = 4; lastKnownFileType = sourcecode.c.h; path = ref10_zeroize.h; sourceTree = "<group>"; };
		C6753A6822129D4F005E2A31 /* ref10_fe_sub.c */ = {isa = PBXFileReference; fileEncoding = 4; lastKnownFileType = sourcecode.c.c; path = ref10_fe_sub.c; sourceTree = "<group>"; };
		C6753A6922129D50005E2A31 /* ref10_sc_muladd.c */ = {isa = PBXFileReference; fileEncoding = 4; lastKnownFileType = sourcecode.c.c; path = ref10_sc_muladd.c; sourceTree = "<group>"; };
		C6753A6A22129D50005E2A31 /* ref10_gen_labelset.h */ = {isa = PBXFileReference; fileEncoding = 4; lastKnownFileType = sourcecode.c.h; path = ref10_gen_labelset.h; sourceTree = "<group>"; };
		C6753A6B22129D50005E2A31 /* ref10_ge_precomp_0.c */ = {isa = PBXFileReference; fileEncoding = 4; lastKnownFileType = sourcecode.c.c; path = ref10_ge_precomp_0.c; sourceTree = "<group>"; };
		C6753A6C22129D50005E2A31 /* ref10_fe_cmov.c */ = {isa = PBXFileReference; fileEncoding = 4; lastKnownFileType = sourcecode.c.c; path = ref10_fe_cmov.c; sourceTree = "<group>"; };
		C6753A6D22129D50005E2A31 /* ref10_ge_montx_to_p3.c */ = {isa = PBXFileReference; fileEncoding = 4; lastKnownFileType = sourcecode.c.c; path = ref10_ge_montx_to_p3.c; sourceTree = "<group>"; };
		C6753A6E22129D50005E2A31 /* ref10_keygen.c */ = {isa = PBXFileReference; fileEncoding = 4; lastKnownFileType = sourcecode.c.c; path = ref10_keygen.c; sourceTree = "<group>"; };
		C6753A6F22129D50005E2A31 /* ref10_fe_isnonzero.c */ = {isa = PBXFileReference; fileEncoding = 4; lastKnownFileType = sourcecode.c.c; path = ref10_fe_isnonzero.c; sourceTree = "<group>"; };
		C6753A7022129D50005E2A31 /* ref10_fe_mul.c */ = {isa = PBXFileReference; fileEncoding = 4; lastKnownFileType = sourcecode.c.c; path = ref10_fe_mul.c; sourceTree = "<group>"; };
		C6753A7122129D50005E2A31 /* ref10_ge_p2_0.c */ = {isa = PBXFileReference; fileEncoding = 4; lastKnownFileType = sourcecode.c.c; path = ref10_ge_p2_0.c; sourceTree = "<group>"; };
		C6753A7222129D51005E2A31 /* ref10_xeddsa.c */ = {isa = PBXFileReference; fileEncoding = 4; lastKnownFileType = sourcecode.c.c; path = ref10_xeddsa.c; sourceTree = "<group>"; };
		C6753A7322129D51005E2A31 /* ref10_ge_p3_tobytes.c */ = {isa = PBXFileReference; fileEncoding = 4; lastKnownFileType = sourcecode.c.c; path = ref10_ge_p3_tobytes.c; sourceTree = "<group>"; };
		C6753A7522129D51005E2A31 /* ref10_open.c */ = {isa = PBXFileReference; fileEncoding = 4; lastKnownFileType = sourcecode.c.c; path = ref10_open.c; sourceTree = "<group>"; };
		C6753A7622129D51005E2A31 /* ref10_ge_neg.c */ = {isa = PBXFileReference; fileEncoding = 4; lastKnownFileType = sourcecode.c.c; path = ref10_ge_neg.c; sourceTree = "<group>"; };
		C6753A7722129D51005E2A31 /* ref10_crypto_sign.h */ = {isa = PBXFileReference; fileEncoding = 4; lastKnownFileType = sourcecode.c.h; path = ref10_crypto_sign.h; sourceTree = "<group>"; };
		C6753A7822129D51005E2A31 /* ref10_gen_constants.h */ = {isa = PBXFileReference; fileEncoding = 4; lastKnownFileType = sourcecode.c.h; path = ref10_gen_constants.h; sourceTree = "<group>"; };
		C6753A7922129D51005E2A31 /* ref10_fe_sqrt.c */ = {isa = PBXFileReference; fileEncoding = 4; lastKnownFileType = sourcecode.c.c; path = ref10_fe_sqrt.c; sourceTree = "<group>"; };
		C6753A7A22129D52005E2A31 /* ref10_gen_x.h */ = {isa = PBXFileReference; fileEncoding = 4; lastKnownFileType = sourcecode.c.h; path = ref10_gen_x.h; sourceTree = "<group>"; };
		C6753A7B22129D52005E2A31 /* ref10_fe_copy.c */ = {isa = PBXFileReference; fileEncoding = 4; lastKnownFileType = sourcecode.c.c; path = ref10_fe_copy.c; sourceTree = "<group>"; };
		C6753A7C22129D52005E2A31 /* ref10_ge_scalarmult_base.c */ = {isa = PBXFileReference; fileEncoding = 4; lastKnownFileType = sourcecode.c.c; path = ref10_ge_scalarmult_base.c; sourceTree = "<group>"; };
		C6753A7D22129D52005E2A31 /* ref10_ge_p1p1_to_p3.c */ = {isa = PBXFileReference; fileEncoding = 4; lastKnownFileType = sourcecode.c.c; path = ref10_ge_p1p1_to_p3.c; sourceTree = "<group>"; };
		C6753A7F22129D52005E2A31 /* ref10_crypto_verify_32.h */ = {isa = PBXFileReference; fileEncoding = 4; lastKnownFileType = sourcecode.c.h; path = ref10_crypto_verify_32.h; sourceTree = "<group>"; };
		C6753A8022129D52005E2A31 /* ref10_sc_neg.c */ = {isa = PBXFileReference; fileEncoding = 4; lastKnownFileType = sourcecode.c.c; path = ref10_sc_neg.c; sourceTree = "<group>"; };
		C6753A8122129D52005E2A31 /* ref10_gen_veddsa.c */ = {isa = PBXFileReference; fileEncoding = 4; lastKnownFileType = sourcecode.c.c; path = ref10_gen_veddsa.c; sourceTree = "<group>"; };
		C6753A8222129D53005E2A31 /* ref10_ge_p3_0.c */ = {isa = PBXFileReference; fileEncoding = 4; lastKnownFileType = sourcecode.c.c; path = ref10_ge_p3_0.c; sourceTree = "<group>"; };
		C6753A8322129D53005E2A31 /* ref10_fe.h */ = {isa = PBXFileReference; fileEncoding = 4; lastKnownFileType = sourcecode.c.h; path = ref10_fe.h; sourceTree = "<group>"; };
		C6753A8522129D53005E2A31 /* ref10_fe_neg.c */ = {isa = PBXFileReference; fileEncoding = 4; lastKnownFileType = sourcecode.c.c; path = ref10_fe_neg.c; sourceTree = "<group>"; };
		C6753A8622129D53005E2A31 /* ref10_fe_sq.c */ = {isa = PBXFileReference; fileEncoding = 4; lastKnownFileType = sourcecode.c.c; path = ref10_fe_sq.c; sourceTree = "<group>"; };
		C6753A8722129D53005E2A31 /* ref10_sc_clamp.c */ = {isa = PBXFileReference; fileEncoding = 4; lastKnownFileType = sourcecode.c.c; path = ref10_sc_clamp.c; sourceTree = "<group>"; };
		C6753A8822129D53005E2A31 /* ref10_fe_1.c */ = {isa = PBXFileReference; fileEncoding = 4; lastKnownFileType = sourcecode.c.c; path = ref10_fe_1.c; sourceTree = "<group>"; };
/* End PBXFileReference section */

/* Begin PBXFrameworksBuildPhase section */
		C60129AE218BF551009DA8C5 /* Frameworks */ = {
			isa = PBXFrameworksBuildPhase;
			buildActionMask = 2147483647;
			files = (
			);
			runOnlyForDeploymentPostprocessing = 0;
		};
/* End PBXFrameworksBuildPhase section */

/* Begin PBXGroup section */
		C60129A8218BF551009DA8C5 = {
			isa = PBXGroup;
			children = (
				C6012A1E218BF675009DA8C5 /* test */,
				C6012A12218BF64B009DA8C5 /* owcrypt_core */,
				C60129DE218BF610009DA8C5 /* hash_drv */,
				C60129CB218BF5EF009DA8C5 /* ecc_drv */,
				C60129C4218BF5C7009DA8C5 /* crypto */,
				C60129BB218BF585009DA8C5 /* bignum */,
				C60129B2218BF551009DA8C5 /* Products */,
			);
			sourceTree = "<group>";
		};
		C60129B2218BF551009DA8C5 /* Products */ = {
			isa = PBXGroup;
			children = (
				C60129B1218BF551009DA8C5 /* owcrypt */,
			);
			name = Products;
			sourceTree = "<group>";
		};
		C60129BB218BF585009DA8C5 /* bignum */ = {
			isa = PBXGroup;
			children = (
				C60129BF218BF5B9009DA8C5 /* bignum.c */,
				C60129BE218BF5B9009DA8C5 /* bignum.h */,
				C60129C0218BF5B9009DA8C5 /* bigrand.c */,
				C60129BD218BF5B8009DA8C5 /* bigrand.h */,
				C60129C1218BF5B9009DA8C5 /* type.h */,
			);
			path = bignum;
			sourceTree = "<group>";
		};
		C60129C4218BF5C7009DA8C5 /* crypto */ = {
			isa = PBXGroup;
			children = (
				C60129C5218BF5E4009DA8C5 /* ecc_set.c */,
				C60129C8218BF5E4009DA8C5 /* ecc_set.h */,
				C60129C7218BF5E4009DA8C5 /* hash_set.c */,
				C60129C6218BF5E4009DA8C5 /* hash_set.h */,
			);
			path = crypto;
			sourceTree = "<group>";
		};
		C60129CB218BF5EF009DA8C5 /* ecc_drv */ = {
			isa = PBXGroup;
			children = (
				C6753A2022129CF2005E2A31 /* axolotl_curve25519 */,
				C60129D6218BF60C009DA8C5 /* ecc_drv.c */,
				C60129D5218BF60C009DA8C5 /* ecc_drv.h */,
				C60129CE218BF60B009DA8C5 /* ECDSA.c */,
				C60129CF218BF60B009DA8C5 /* ECDSA.h */,
				C60129CD218BF60B009DA8C5 /* ED25519.c */,
				C60129D4218BF60C009DA8C5 /* ED25519.h */,
				C60129D1218BF60B009DA8C5 /* secp256k1.c */,
				C60129D7218BF60C009DA8C5 /* secp256k1.h */,
				C60129CC218BF60B009DA8C5 /* secp256r1.c */,
				C60129D3218BF60B009DA8C5 /* secp256r1.h */,
				C60129D2218BF60B009DA8C5 /* sm2.c */,
				C60129D0218BF60B009DA8C5 /* sm2.h */,
			);
			path = ecc_drv;
			sourceTree = "<group>";
		};
		C60129DE218BF610009DA8C5 /* hash_drv */ = {
			isa = PBXGroup;
			children = (
				2B5F929E218FF00D00063737 /* blake2b.c */,
				C60129FE218BF647009DA8C5 /* blake2b.h */,
				C60129F4218BF646009DA8C5 /* blake2s.c */,
				C60129F2218BF646009DA8C5 /* blake2s.h */,
				C60129E6218BF646009DA8C5 /* blake256.c */,
				C60129F3218BF646009DA8C5 /* blake256.h */,
				C60129F0218BF646009DA8C5 /* blake512.c */,
				C60129EE218BF646009DA8C5 /* blake512.h */,
				C60129E2218BF646009DA8C5 /* hmac.c */,
				C60129F5218BF646009DA8C5 /* hmac.h */,
				C60129F7218BF646009DA8C5 /* keccak256.c */,
				C60129EA218BF646009DA8C5 /* keccak256.h */,
				C6012A01218BF647009DA8C5 /* keccak512.c */,
				C60129E5218BF646009DA8C5 /* keccak512.h */,
				C60129F9218BF646009DA8C5 /* md4.c */,
				C60129F8218BF646009DA8C5 /* md4.h */,
				C60129FD218BF647009DA8C5 /* md5.c */,
				C60129FA218BF646009DA8C5 /* md5.h */,
				C6012A00218BF647009DA8C5 /* pbkdf2.c */,
				C60129EC218BF646009DA8C5 /* pbkdf2.h */,
				C60129FC218BF647009DA8C5 /* ripemd160.c */,
				C60129E9218BF646009DA8C5 /* ripemd160.h */,
				C60129E1218BF646009DA8C5 /* sha1.c */,
				C60129FF218BF647009DA8C5 /* sha1.h */,
				C60129ED218BF646009DA8C5 /* sha3_256.c */,
				C60129E8218BF646009DA8C5 /* sha3_256.h */,
				C60129E3218BF646009DA8C5 /* sha3_512.c */,
				C60129E7218BF646009DA8C5 /* sha3_512.h */,
				C60129E4218BF646009DA8C5 /* sha256.c */,
				C60129F1218BF646009DA8C5 /* sha256.h */,
				C60129EB218BF646009DA8C5 /* sha512.c */,
				C60129F6218BF646009DA8C5 /* sha512.h */,
				C60129FB218BF647009DA8C5 /* sm3.c */,
				C60129EF218BF646009DA8C5 /* sm3.h */,
			);
			path = hash_drv;
			sourceTree = "<group>";
		};
		C6012A12218BF64B009DA8C5 /* owcrypt_core */ = {
			isa = PBXGroup;
			children = (
				C6012A15218BF669009DA8C5 /* owc_algorithm.c */,
				C6012A17218BF669009DA8C5 /* owc_alloc.c */,
				C6012A18218BF669009DA8C5 /* owc_core.c */,
				C6012A13218BF669009DA8C5 /* owc_curve.c */,
				C6012A16218BF669009DA8C5 /* owc_montgamery.c */,
				C6012A14218BF669009DA8C5 /* owcrypt_core.h */,
			);
			path = owcrypt_core;
			sourceTree = "<group>";
		};
		C6012A1E218BF675009DA8C5 /* test */ = {
			isa = PBXGroup;
			children = (
				C6012A1F218BF685009DA8C5 /* main.c */,
			);
			path = test;
			sourceTree = "<group>";
		};
		C6753A2022129CF2005E2A31 /* axolotl_curve25519 */ = {
			isa = PBXGroup;
			children = (
				C6753A3C22129D4A005E2A31 /* ref10_blocks.c */,
				C6753A5122129D4D005E2A31 /* ref10_compare.c */,
				C6753A5F22129D4E005E2A31 /* ref10_compare.h */,
				C6753A3F22129D4A005E2A31 /* ref10_crypto_additions.h */,
				C6753A4422129D4B005E2A31 /* ref10_crypto_hash_sha512.h */,
				C6753A5E22129D4E005E2A31 /* ref10_crypto_int32.h */,
				C6753A2822129D48005E2A31 /* ref10_crypto_int64.h */,
				C6753A2622129D48005E2A31 /* ref10_crypto_sign_edwards25519sha512batch.h */,
				C6753A7722129D51005E2A31 /* ref10_crypto_sign.h */,
				C6753A2222129D47005E2A31 /* ref10_crypto_uint32.h */,
				C6753A2F22129D48005E2A31 /* ref10_crypto_uint64.h */,
				C6753A7F22129D52005E2A31 /* ref10_crypto_verify_32.h */,
				C6753A5022129D4D005E2A31 /* ref10_curve_sigs.c */,
				C6753A5A22129D4E005E2A31 /* ref10_curve_sigs.h */,
				C6753A4122129D4B005E2A31 /* ref10_elligator.c */,
				C6753A6422129D4F005E2A31 /* ref10_fe_0.c */,
				C6753A8822129D53005E2A31 /* ref10_fe_1.c */,
				C6753A4022129D4A005E2A31 /* ref10_fe_add.c */,
				C6753A6C22129D50005E2A31 /* ref10_fe_cmov.c */,
				C6753A7B22129D52005E2A31 /* ref10_fe_copy.c */,
				C6753A2522129D47005E2A31 /* ref10_fe_frombytes.c */,
				C6753A6222129D4F005E2A31 /* ref10_fe_invert.c */,
				C6753A5622129D4D005E2A31 /* ref10_fe_isequal.c */,
				C6753A5822129D4E005E2A31 /* ref10_fe_isnegative.c */,
				C6753A6F22129D50005E2A31 /* ref10_fe_isnonzero.c */,
				C6753A5722129D4E005E2A31 /* ref10_fe_isreduced.c */,
				C6753A4B22129D4C005E2A31 /* ref10_fe_mont_rhs.c */,
				C6753A2B22129D48005E2A31 /* ref10_fe_montx_to_edy.c */,
				C6753A7022129D50005E2A31 /* ref10_fe_mul.c */,
				C6753A8522129D53005E2A31 /* ref10_fe_neg.c */,
				C6753A4322129D4B005E2A31 /* ref10_fe_pow22523.c */,
				C6753A8622129D53005E2A31 /* ref10_fe_sq.c */,
				C6753A4722129D4B005E2A31 /* ref10_fe_sq2.c */,
				C6753A7922129D51005E2A31 /* ref10_fe_sqrt.c */,
				C6753A6822129D4F005E2A31 /* ref10_fe_sub.c */,
				C6753A3322129D49005E2A31 /* ref10_fe_tobytes.c */,
				C6753A8322129D53005E2A31 /* ref10_fe.h */,
				C6753A5B22129D4E005E2A31 /* ref10_ge_add.c */,
				C6753A6322129D4F005E2A31 /* ref10_ge_double_scalarmult.c */,
				C6753A6622129D4F005E2A31 /* ref10_ge_frombytes.c */,
				C6753A4C22129D4C005E2A31 /* ref10_ge_isneutral.c */,
				C6753A2122129D47005E2A31 /* ref10_ge_madd.c */,
				C6753A6D22129D50005E2A31 /* ref10_ge_montx_to_p3.c */,
				C6753A4922129D4C005E2A31 /* ref10_ge_msub.c */,
				C6753A7622129D51005E2A31 /* ref10_ge_neg.c */,
				C6753A3E22129D4A005E2A31 /* ref10_ge_p1p1_to_p2.c */,
				C6753A7D22129D52005E2A31 /* ref10_ge_p1p1_to_p3.c */,
				C6753A7122129D50005E2A31 /* ref10_ge_p2_0.c */,
				C6753A3922129D4A005E2A31 /* ref10_ge_p2_dbl.c */,
				C6753A8222129D53005E2A31 /* ref10_ge_p3_0.c */,
				C6753A2722129D48005E2A31 /* ref10_ge_p3_add.c */,
				C6753A3122129D48005E2A31 /* ref10_ge_p3_dbl.c */,
				C6753A4822129D4C005E2A31 /* ref10_ge_p3_to_cached.c */,
				C6753A4222129D4B005E2A31 /* ref10_ge_p3_to_montx.c */,
				C6753A6522129D4F005E2A31 /* ref10_ge_p3_to_p2.c */,
				C6753A7322129D51005E2A31 /* ref10_ge_p3_tobytes.c */,
				C6753A6B22129D50005E2A31 /* ref10_ge_precomp_0.c */,
				C6753A7C22129D52005E2A31 /* ref10_ge_scalarmult_base.c */,
				C6753A5D22129D4E005E2A31 /* ref10_ge_scalarmult_cofactor.c */,
				C6753A4F22129D4D005E2A31 /* ref10_ge_scalarmult.c */,
				C6753A5322129D4D005E2A31 /* ref10_ge_sub.c */,
				C6753A3A22129D4A005E2A31 /* ref10_ge_tobytes.c */,
				C6753A3822129D49005E2A31 /* ref10_ge.h */,
				C6753A7822129D51005E2A31 /* ref10_gen_constants.h */,
				C6753A2422129D47005E2A31 /* ref10_gen_crypto_additions.h */,
				C6753A2A22129D48005E2A31 /* ref10_gen_eddsa.c */,
				C6753A5422129D4D005E2A31 /* ref10_gen_eddsa.h */,
				C6753A3D22129D4A005E2A31 /* ref10_gen_labelset.c */,
				C6753A6A22129D50005E2A31 /* ref10_gen_labelset.h */,
				C6753A8122129D52005E2A31 /* ref10_gen_veddsa.c */,
				C6753A4A22129D4C005E2A31 /* ref10_gen_veddsa.h */,
				C6753A2E22129D48005E2A31 /* ref10_gen_x.c */,
				C6753A7A22129D52005E2A31 /* ref10_gen_x.h */,
				C6753A3722129D49005E2A31 /* ref10_hash.c */,
				C6753A6E22129D50005E2A31 /* ref10_keygen.c */,
				C6753A4D22129D4C005E2A31 /* ref10_keygen.h */,
				C6753A5922129D4E005E2A31 /* ref10_open_modified.c */,
				C6753A7522129D51005E2A31 /* ref10_open.c */,
				C6753A4522129D4B005E2A31 /* ref10_point_isreduced.c */,
				C6753A8722129D53005E2A31 /* ref10_sc_clamp.c */,
				C6753A4622129D4B005E2A31 /* ref10_sc_cmov.c */,
				C6753A3B22129D4A005E2A31 /* ref10_sc_isreduced.c */,
				C6753A6922129D50005E2A31 /* ref10_sc_muladd.c */,
				C6753A8022129D52005E2A31 /* ref10_sc_neg.c */,
				C6753A5222129D4D005E2A31 /* ref10_sc_reduce.c */,
				C6753A4E22129D4C005E2A31 /* ref10_sc.h */,
				C6753A2D22129D48005E2A31 /* ref10_sign_modified.c */,
				C6753A2922129D48005E2A31 /* ref10_sign.c */,
				C6753A7222129D51005E2A31 /* ref10_xeddsa.c */,
				C6753A6022129D4F005E2A31 /* ref10_xeddsa.h */,
				C6753A6122129D4F005E2A31 /* ref10_zeroize.c */,
				C6753A6722129D4F005E2A31 /* ref10_zeroize.h */,
			);
			path = axolotl_curve25519;
			sourceTree = "<group>";
		};
/* End PBXGroup section */

/* Begin PBXNativeTarget section */
		C60129B0218BF551009DA8C5 /* owcrypt */ = {
			isa = PBXNativeTarget;
			buildConfigurationList = C60129B8218BF551009DA8C5 /* Build configuration list for PBXNativeTarget "owcrypt" */;
			buildPhases = (
				C60129AD218BF551009DA8C5 /* Sources */,
				C60129AE218BF551009DA8C5 /* Frameworks */,
				C60129AF218BF551009DA8C5 /* CopyFiles */,
			);
			buildRules = (
			);
			dependencies = (
			);
			name = owcrypt;
			productName = owcrypt;
			productReference = C60129B1218BF551009DA8C5 /* owcrypt */;
			productType = "com.apple.product-type.tool";
		};
/* End PBXNativeTarget section */

/* Begin PBXProject section */
		C60129A9218BF551009DA8C5 /* Project object */ = {
			isa = PBXProject;
			attributes = {
				LastUpgradeCheck = 1010;
				ORGANIZATIONNAME = "何述超";
				TargetAttributes = {
					C60129B0218BF551009DA8C5 = {
						CreatedOnToolsVersion = 10.1;
					};
				};
			};
			buildConfigurationList = C60129AC218BF551009DA8C5 /* Build configuration list for PBXProject "owcrypt" */;
			compatibilityVersion = "Xcode 9.3";
			developmentRegion = en;
			hasScannedForEncodings = 0;
			knownRegions = (
				en,
			);
			mainGroup = C60129A8218BF551009DA8C5;
			productRefGroup = C60129B2218BF551009DA8C5 /* Products */;
			projectDirPath = "";
			projectRoot = "";
			targets = (
				C60129B0218BF551009DA8C5 /* owcrypt */,
			);
		};
/* End PBXProject section */

/* Begin PBXSourcesBuildPhase section */
		C60129AD218BF551009DA8C5 /* Sources */ = {
			isa = PBXSourcesBuildPhase;
			buildActionMask = 2147483647;
			files = (
				C6012A03218BF647009DA8C5 /* hmac.c in Sources */,
				C60129DB218BF60C009DA8C5 /* secp256k1.c in Sources */,
				C60129C2218BF5B9009DA8C5 /* bignum.c in Sources */,
				C6012A1D218BF669009DA8C5 /* owc_core.c in Sources */,
				C6753AA722129D54005E2A31 /* ref10_compare.c in Sources */,
				C60129DD218BF60C009DA8C5 /* ecc_drv.c in Sources */,
				C6753AB422129D54005E2A31 /* ref10_ge_p3_to_p2.c in Sources */,
				C6753ABB22129D54005E2A31 /* ref10_keygen.c in Sources */,
				C6753AB622129D54005E2A31 /* ref10_fe_sub.c in Sources */,
				C6753ACD22129D54005E2A31 /* ref10_fe_1.c in Sources */,
				C6753AB922129D54005E2A31 /* ref10_fe_cmov.c in Sources */,
				C6753AA322129D54005E2A31 /* ref10_fe_mont_rhs.c in Sources */,
				C60129D9218BF60C009DA8C5 /* ED25519.c in Sources */,
				C6753ACC22129D54005E2A31 /* ref10_sc_clamp.c in Sources */,
				C6753A8922129D53005E2A31 /* ref10_ge_madd.c in Sources */,
				C6753AB722129D54005E2A31 /* ref10_sc_muladd.c in Sources */,
				C6753ABA22129D54005E2A31 /* ref10_ge_montx_to_p3.c in Sources */,
				C6753AB522129D54005E2A31 /* ref10_ge_frombytes.c in Sources */,
				C6012A1B218BF669009DA8C5 /* owc_montgamery.c in Sources */,
				C6753ACB22129D54005E2A31 /* ref10_fe_sq.c in Sources */,
				C60129C3218BF5B9009DA8C5 /* bigrand.c in Sources */,
				C6012A0E218BF647009DA8C5 /* ripemd160.c in Sources */,
				C6753A9622129D54005E2A31 /* ref10_sc_isreduced.c in Sources */,
				C6753AA922129D54005E2A31 /* ref10_ge_sub.c in Sources */,
				C60129CA218BF5E4009DA8C5 /* hash_set.c in Sources */,
				C6753AA122129D54005E2A31 /* ref10_ge_p3_to_cached.c in Sources */,
				C6012A02218BF647009DA8C5 /* sha1.c in Sources */,
				C6012A04218BF647009DA8C5 /* sha3_512.c in Sources */,
				C6753AAE22129D54005E2A31 /* ref10_ge_add.c in Sources */,
				C6753AC222129D54005E2A31 /* ref10_ge_neg.c in Sources */,
				C6753A8C22129D53005E2A31 /* ref10_sign.c in Sources */,
				C6012A1C218BF669009DA8C5 /* owc_alloc.c in Sources */,
				C6753AC522129D54005E2A31 /* ref10_ge_scalarmult_base.c in Sources */,
				C6753AC322129D54005E2A31 /* ref10_fe_sqrt.c in Sources */,
				C6753AB122129D54005E2A31 /* ref10_fe_invert.c in Sources */,
				C6753ABF22129D54005E2A31 /* ref10_xeddsa.c in Sources */,
				C6753AA522129D54005E2A31 /* ref10_ge_scalarmult.c in Sources */,
				C60129C9218BF5E4009DA8C5 /* ecc_set.c in Sources */,
				C6753A9222129D54005E2A31 /* ref10_fe_tobytes.c in Sources */,
				C6753A8A22129D53005E2A31 /* ref10_fe_frombytes.c in Sources */,
				C6012A1A218BF669009DA8C5 /* owc_algorithm.c in Sources */,
				C6753AB022129D54005E2A31 /* ref10_zeroize.c in Sources */,
				C6753A8B22129D53005E2A31 /* ref10_ge_p3_add.c in Sources */,
				2B5F929F218FF00D00063737 /* blake2b.c in Sources */,
				C6753A9122129D54005E2A31 /* ref10_ge_p3_dbl.c in Sources */,
				C6753A9C22129D54005E2A31 /* ref10_ge_p3_to_montx.c in Sources */,
				C6753A9922129D54005E2A31 /* ref10_ge_p1p1_to_p2.c in Sources */,
				C6753A9322129D54005E2A31 /* ref10_hash.c in Sources */,
				C6753AC022129D54005E2A31 /* ref10_ge_p3_tobytes.c in Sources */,
				C6012A19218BF669009DA8C5 /* owc_curve.c in Sources */,
				C6012A06218BF647009DA8C5 /* blake256.c in Sources */,
				C6753AA222129D54005E2A31 /* ref10_ge_msub.c in Sources */,
				C6753ACA22129D54005E2A31 /* ref10_fe_neg.c in Sources */,
				C6753AA822129D54005E2A31 /* ref10_sc_reduce.c in Sources */,
				C6753AC622129D54005E2A31 /* ref10_ge_p1p1_to_p3.c in Sources */,
				C6753A9722129D54005E2A31 /* ref10_blocks.c in Sources */,
				C6012A10218BF647009DA8C5 /* pbkdf2.c in Sources */,
				C6753AB222129D54005E2A31 /* ref10_ge_double_scalarmult.c in Sources */,
				C6012A0F218BF647009DA8C5 /* md5.c in Sources */,
				C6753A9E22129D54005E2A31 /* ref10_point_isreduced.c in Sources */,
				C6753A9B22129D54005E2A31 /* ref10_elligator.c in Sources */,
				C6012A0D218BF647009DA8C5 /* sm3.c in Sources */,
				C6753ABD22129D54005E2A31 /* ref10_fe_mul.c in Sources */,
				C6753A8D22129D54005E2A31 /* ref10_gen_eddsa.c in Sources */,
				C6753AC122129D54005E2A31 /* ref10_open.c in Sources */,
				C6012A05218BF647009DA8C5 /* sha256.c in Sources */,
				C60129DC218BF60C009DA8C5 /* sm2.c in Sources */,
				C6753A9022129D54005E2A31 /* ref10_gen_x.c in Sources */,
				C6753AA622129D54005E2A31 /* ref10_curve_sigs.c in Sources */,
				C6753AA422129D54005E2A31 /* ref10_ge_isneutral.c in Sources */,
				C6753A8F22129D54005E2A31 /* ref10_sign_modified.c in Sources */,
				C6012A0A218BF647009DA8C5 /* blake2s.c in Sources */,
				C6753AAD22129D54005E2A31 /* ref10_open_modified.c in Sources */,
				C6753ABE22129D54005E2A31 /* ref10_ge_p2_0.c in Sources */,
				C6753AA022129D54005E2A31 /* ref10_fe_sq2.c in Sources */,
				C6753A8E22129D54005E2A31 /* ref10_fe_montx_to_edy.c in Sources */,
				C6753AB322129D54005E2A31 /* ref10_fe_0.c in Sources */,
				C6012A07218BF647009DA8C5 /* sha512.c in Sources */,
				C6012A0C218BF647009DA8C5 /* md4.c in Sources */,
				C6753AC722129D54005E2A31 /* ref10_sc_neg.c in Sources */,
				C6753AAF22129D54005E2A31 /* ref10_ge_scalarmult_cofactor.c in Sources */,
				C6012A11218BF647009DA8C5 /* keccak512.c in Sources */,
				C6753AB822129D54005E2A31 /* ref10_ge_precomp_0.c in Sources */,
				C6012A0B218BF647009DA8C5 /* keccak256.c in Sources */,
				C6753AAA22129D54005E2A31 /* ref10_fe_isequal.c in Sources */,
				C6753AC422129D54005E2A31 /* ref10_fe_copy.c in Sources */,
				C6753AC822129D54005E2A31 /* ref10_gen_veddsa.c in Sources */,
				C6753A9822129D54005E2A31 /* ref10_gen_labelset.c in Sources */,
				C6753ABC22129D54005E2A31 /* ref10_fe_isnonzero.c in Sources */,
				C6753A9522129D54005E2A31 /* ref10_ge_tobytes.c in Sources */,
				C6753A9F22129D54005E2A31 /* ref10_sc_cmov.c in Sources */,
				C60129D8218BF60C009DA8C5 /* secp256r1.c in Sources */,
				C6012A20218BF685009DA8C5 /* main.c in Sources */,
				C6753A9A22129D54005E2A31 /* ref10_fe_add.c in Sources */,
				C6753A9422129D54005E2A31 /* ref10_ge_p2_dbl.c in Sources */,
				C60129DA218BF60C009DA8C5 /* ECDSA.c in Sources */,
				C6753AAB22129D54005E2A31 /* ref10_fe_isreduced.c in Sources */,
				C6012A09218BF647009DA8C5 /* blake512.c in Sources */,
				C6753AC922129D54005E2A31 /* ref10_ge_p3_0.c in Sources */,
				C6012A08218BF647009DA8C5 /* sha3_256.c in Sources */,
				C6753A9D22129D54005E2A31 /* ref10_fe_pow22523.c in Sources */,
				C6753AAC22129D54005E2A31 /* ref10_fe_isnegative.c in Sources */,
			);
			runOnlyForDeploymentPostprocessing = 0;
		};
/* End PBXSourcesBuildPhase section */

/* Begin XCBuildConfiguration section */
		C60129B6218BF551009DA8C5 /* Debug */ = {
			isa = XCBuildConfiguration;
			buildSettings = {
				ALWAYS_SEARCH_USER_PATHS = NO;
				CLANG_ANALYZER_NONNULL = YES;
				CLANG_ANALYZER_NUMBER_OBJECT_CONVERSION = YES_AGGRESSIVE;
				CLANG_CXX_LANGUAGE_STANDARD = "gnu++14";
				CLANG_CXX_LIBRARY = "libc++";
				CLANG_ENABLE_MODULES = YES;
				CLANG_ENABLE_OBJC_ARC = YES;
				CLANG_ENABLE_OBJC_WEAK = YES;
				CLANG_WARN_BLOCK_CAPTURE_AUTORELEASING = YES;
				CLANG_WARN_BOOL_CONVERSION = YES;
				CLANG_WARN_COMMA = YES;
				CLANG_WARN_CONSTANT_CONVERSION = YES;
				CLANG_WARN_DEPRECATED_OBJC_IMPLEMENTATIONS = YES;
				CLANG_WARN_DIRECT_OBJC_ISA_USAGE = YES_ERROR;
				CLANG_WARN_DOCUMENTATION_COMMENTS = YES;
				CLANG_WARN_EMPTY_BODY = YES;
				CLANG_WARN_ENUM_CONVERSION = YES;
				CLANG_WARN_INFINITE_RECURSION = YES;
				CLANG_WARN_INT_CONVERSION = YES;
				CLANG_WARN_NON_LITERAL_NULL_CONVERSION = YES;
				CLANG_WARN_OBJC_IMPLICIT_RETAIN_SELF = YES;
				CLANG_WARN_OBJC_LITERAL_CONVERSION = YES;
				CLANG_WARN_OBJC_ROOT_CLASS = YES_ERROR;
				CLANG_WARN_RANGE_LOOP_ANALYSIS = YES;
				CLANG_WARN_STRICT_PROTOTYPES = YES;
				CLANG_WARN_SUSPICIOUS_MOVE = YES;
				CLANG_WARN_UNGUARDED_AVAILABILITY = YES_AGGRESSIVE;
				CLANG_WARN_UNREACHABLE_CODE = YES;
				CLANG_WARN__DUPLICATE_METHOD_MATCH = YES;
				CODE_SIGN_IDENTITY = "-";
				COPY_PHASE_STRIP = NO;
				DEBUG_INFORMATION_FORMAT = dwarf;
				ENABLE_STRICT_OBJC_MSGSEND = YES;
				ENABLE_TESTABILITY = YES;
				GCC_C_LANGUAGE_STANDARD = gnu11;
				GCC_DYNAMIC_NO_PIC = NO;
				GCC_NO_COMMON_BLOCKS = YES;
				GCC_OPTIMIZATION_LEVEL = 0;
				GCC_PREPROCESSOR_DEFINITIONS = (
					"DEBUG=1",
					"$(inherited)",
				);
				GCC_WARN_64_TO_32_BIT_CONVERSION = YES;
				GCC_WARN_ABOUT_RETURN_TYPE = YES_ERROR;
				GCC_WARN_UNDECLARED_SELECTOR = YES;
				GCC_WARN_UNINITIALIZED_AUTOS = YES_AGGRESSIVE;
				GCC_WARN_UNUSED_FUNCTION = YES;
				GCC_WARN_UNUSED_VARIABLE = YES;
				MACOSX_DEPLOYMENT_TARGET = 10.14;
				MTL_ENABLE_DEBUG_INFO = INCLUDE_SOURCE;
				MTL_FAST_MATH = YES;
				ONLY_ACTIVE_ARCH = YES;
				SDKROOT = macosx;
			};
			name = Debug;
		};
		C60129B7218BF551009DA8C5 /* Release */ = {
			isa = XCBuildConfiguration;
			buildSettings = {
				ALWAYS_SEARCH_USER_PATHS = NO;
				CLANG_ANALYZER_NONNULL = YES;
				CLANG_ANALYZER_NUMBER_OBJECT_CONVERSION = YES_AGGRESSIVE;
				CLANG_CXX_LANGUAGE_STANDARD = "gnu++14";
				CLANG_CXX_LIBRARY = "libc++";
				CLANG_ENABLE_MODULES = YES;
				CLANG_ENABLE_OBJC_ARC = YES;
				CLANG_ENABLE_OBJC_WEAK = YES;
				CLANG_WARN_BLOCK_CAPTURE_AUTORELEASING = YES;
				CLANG_WARN_BOOL_CONVERSION = YES;
				CLANG_WARN_COMMA = YES;
				CLANG_WARN_CONSTANT_CONVERSION = YES;
				CLANG_WARN_DEPRECATED_OBJC_IMPLEMENTATIONS = YES;
				CLANG_WARN_DIRECT_OBJC_ISA_USAGE = YES_ERROR;
				CLANG_WARN_DOCUMENTATION_COMMENTS = YES;
				CLANG_WARN_EMPTY_BODY = YES;
				CLANG_WARN_ENUM_CONVERSION = YES;
				CLANG_WARN_INFINITE_RECURSION = YES;
				CLANG_WARN_INT_CONVERSION = YES;
				CLANG_WARN_NON_LITERAL_NULL_CONVERSION = YES;
				CLANG_WARN_OBJC_IMPLICIT_RETAIN_SELF = YES;
				CLANG_WARN_OBJC_LITERAL_CONVERSION = YES;
				CLANG_WARN_OBJC_ROOT_CLASS = YES_ERROR;
				CLANG_WARN_RANGE_LOOP_ANALYSIS = YES;
				CLANG_WARN_STRICT_PROTOTYPES = YES;
				CLANG_WARN_SUSPICIOUS_MOVE = YES;
				CLANG_WARN_UNGUARDED_AVAILABILITY = YES_AGGRESSIVE;
				CLANG_WARN_UNREACHABLE_CODE = YES;
				CLANG_WARN__DUPLICATE_METHOD_MATCH = YES;
				CODE_SIGN_IDENTITY = "-";
				COPY_PHASE_STRIP = NO;
				DEBUG_INFORMATION_FORMAT = "dwarf-with-dsym";
				ENABLE_NS_ASSERTIONS = NO;
				ENABLE_STRICT_OBJC_MSGSEND = YES;
				GCC_C_LANGUAGE_STANDARD = gnu11;
				GCC_NO_COMMON_BLOCKS = YES;
				GCC_WARN_64_TO_32_BIT_CONVERSION = YES;
				GCC_WARN_ABOUT_RETURN_TYPE = YES_ERROR;
				GCC_WARN_UNDECLARED_SELECTOR = YES;
				GCC_WARN_UNINITIALIZED_AUTOS = YES_AGGRESSIVE;
				GCC_WARN_UNUSED_FUNCTION = YES;
				GCC_WARN_UNUSED_VARIABLE = YES;
				MACOSX_DEPLOYMENT_TARGET = 10.14;
				MTL_ENABLE_DEBUG_INFO = NO;
				MTL_FAST_MATH = YES;
				SDKROOT = macosx;
			};
			name = Release;
		};
		C60129B9218BF551009DA8C5 /* Debug */ = {
			isa = XCBuildConfiguration;
			buildSettings = {
				CODE_SIGN_STYLE = Automatic;
				PRODUCT_NAME = "$(TARGET_NAME)";
			};
			name = Debug;
		};
		C60129BA218BF551009DA8C5 /* Release */ = {
			isa = XCBuildConfiguration;
			buildSettings = {
				CODE_SIGN_STYLE = Automatic;
				PRODUCT_NAME = "$(TARGET_NAME)";
			};
			name = Release;
		};
/* End XCBuildConfiguration section */

/* Begin XCConfigurationList section */
		C60129AC218BF551009DA8C5 /* Build configuration list for PBXProject "owcrypt" */ = {
			isa = XCConfigurationList;
			buildConfigurations = (
				C60129B6218BF551009DA8C5 /* Debug */,
				C60129B7218BF551009DA8C5 /* Release */,
			);
			defaultConfigurationIsVisible = 0;
			defaultConfigurationName = Release;
		};
		C60129B8218BF551009DA8C5 /* Build configuration list for PBXNativeTarget "owcrypt" */ = {
			isa = XCConfigurationList;
			buildConfigurations = (
				C60129B9218BF551009DA8C5 /* Debug */,
				C60129BA218BF551009DA8C5 /* Release */,
			);
			defaultConfigurationIsVisible = 0;
			defaultConfigurationName = Release;
		};
/* End XCConfigurationList section */
	};
	rootObject = C60129A9218BF551009DA8C5 /* Project object */;
}
